
Microsoft Visual Studio Solution File, Format Version 12.00
# Visual Studio Version 16
VisualStudioVersion = 16.0.30907.101
MinimumVisualStudioVersion = 10.0.40219.1
Project("{9A19103F-16F7-4668-BE54-9A1E7A4F7556}") = "MonogameButton", "MonogameButton\MonogameButton.csproj", "{60F79CE0-0501-44F2-877C-2C18A6FDADAA}"
EndProject
Project("{9A19103F-16F7-4668-BE54-9A1E7A4F7556}") = "FormElementsLib", "..\FormElementsLib\FormElementsLib\FormElementsLib.csproj", "{3215BE8A-2090-4D8C-815D-D9A0F04AB73A}"
EndProject
Global
	GlobalSection(SolutionConfigurationPlatforms) = preSolution
		Debug|Any CPU = Debug|Any CPU
		Release|Any CPU = Release|Any CPU
	EndGlobalSection
	GlobalSection(ProjectConfigurationPlatforms) = postSolution
		{60F79CE0-0501-44F2-877C-2C18A6FDADAA}.Debug|Any CPU.ActiveCfg = Debug|Any CPU
		{60F79CE0-0501-44F2-877C-2C18A6FDADAA}.Debug|Any CPU.Build.0 = Debug|Any CPU
		{60F79CE0-0501-44F2-877C-2C18A6FDADAA}.Release|Any CPU.ActiveCfg = Release|Any CPU
		{60F79CE0-0501-44F2-877C-2C18A6FDADAA}.Release|Any CPU.Build.0 = Release|Any CPU
		{3215BE8A-2090-4D8C-815D-D9A0F04AB73A}.Debug|Any CPU.ActiveCfg = Debug|Any CPU
		{3215BE8A-2090-4D8C-815D-D9A0F04AB73A}.Debug|Any CPU.Build.0 = Debug|Any CPU
		{3215BE8A-2090-4D8C-815D-D9A0F04AB73A}.Release|Any CPU.ActiveCfg = Release|Any CPU
		{3215BE8A-2090-4D8C-815D-D9A0F04AB73A}.Release|Any CPU.Build.0 = Release|Any CPU
	EndGlobalSection
	GlobalSection(SolutionProperties) = preSolution
		HideSolutionNode = FALSE
	EndGlobalSection
	GlobalSection(ExtensibilityGlobals) = postSolution
		SolutionGuid = {B9AC1659-CD96-4261-A064-2C2A59727CAE}
	EndGlobalSection
EndGlobal
